// !$*UTF8*$!
{
	archiveVersion = 1;
	classes = {
	};
	objectVersion = 50;
	objects = {

/* Begin PBXBuildFile section */
		CC0615962106682B004A9BFB /* Chip.swift in Sources */ = {isa = PBXBuildFile; fileRef = CC0615952106682B004A9BFB /* Chip.swift */; };
		CC0615982106C25C004A9BFB /* ChipHolder.swift in Sources */ = {isa = PBXBuildFile; fileRef = CC0615972106C25C004A9BFB /* ChipHolder.swift */; };
		CC5DD6EE2107F5C500FEA0A4 /* Sofija.ttf in Resources */ = {isa = PBXBuildFile; fileRef = CC5DD6EC2107F5C300FEA0A4 /* Sofija.ttf */; };
		CC5DD6EF2107F5C500FEA0A4 /* Sofija.ttf in Resources */ = {isa = PBXBuildFile; fileRef = CC5DD6EC2107F5C300FEA0A4 /* Sofija.ttf */; };
		CC5DD6F02107F5C500FEA0A4 /* Sofija.ttf in Resources */ = {isa = PBXBuildFile; fileRef = CC5DD6EC2107F5C300FEA0A4 /* Sofija.ttf */; };
		CC5DD6F12107F5C500FEA0A4 /* Sofija-Italic.ttf in Resources */ = {isa = PBXBuildFile; fileRef = CC5DD6ED2107F5C300FEA0A4 /* Sofija-Italic.ttf */; };
		CC5DD6F22107F5C500FEA0A4 /* Sofija-Italic.ttf in Resources */ = {isa = PBXBuildFile; fileRef = CC5DD6ED2107F5C300FEA0A4 /* Sofija-Italic.ttf */; };
		CC5DD6F32107F5C500FEA0A4 /* Sofija-Italic.ttf in Resources */ = {isa = PBXBuildFile; fileRef = CC5DD6ED2107F5C300FEA0A4 /* Sofija-Italic.ttf */; };
		CC5DD6F521081AF200FEA0A4 /* GameTimer.swift in Sources */ = {isa = PBXBuildFile; fileRef = CC5DD6F421081AF200FEA0A4 /* GameTimer.swift */; };
		CC5DD6F621081AF200FEA0A4 /* GameTimer.swift in Sources */ = {isa = PBXBuildFile; fileRef = CC5DD6F421081AF200FEA0A4 /* GameTimer.swift */; };
		CC5DD6F721081AF200FEA0A4 /* GameTimer.swift in Sources */ = {isa = PBXBuildFile; fileRef = CC5DD6F421081AF200FEA0A4 /* GameTimer.swift */; };
		CC810F4E20F64D8800EC6F62 /* SourceTypeViewController.swift in Sources */ = {isa = PBXBuildFile; fileRef = CC810F4D20F64D8800EC6F62 /* SourceTypeViewController.swift */; };
		CCC11A1520F9026C00D2482C /* BeginViewController.swift in Sources */ = {isa = PBXBuildFile; fileRef = CCC11A1420F9026C00D2482C /* BeginViewController.swift */; };
		CCDD54D320F5153B007746C4 /* SavedViewController.swift in Sources */ = {isa = PBXBuildFile; fileRef = CCDD54D220F5153B007746C4 /* SavedViewController.swift */; };
		CCE1B38920F4164A004B78B1 /* AppDelegate.swift in Sources */ = {isa = PBXBuildFile; fileRef = CCE1B38820F4164A004B78B1 /* AppDelegate.swift */; };
		CCE1B38B20F4164A004B78B1 /* ViewController.swift in Sources */ = {isa = PBXBuildFile; fileRef = CCE1B38A20F4164A004B78B1 /* ViewController.swift */; };
		CCE1B38E20F4164A004B78B1 /* Main.storyboard in Resources */ = {isa = PBXBuildFile; fileRef = CCE1B38C20F4164A004B78B1 /* Main.storyboard */; };
		CCE1B39020F4164A004B78B1 /* Assets.xcassets in Resources */ = {isa = PBXBuildFile; fileRef = CCE1B38F20F4164A004B78B1 /* Assets.xcassets */; };
		CCE1B39320F4164A004B78B1 /* LaunchScreen.storyboard in Resources */ = {isa = PBXBuildFile; fileRef = CCE1B39120F4164A004B78B1 /* LaunchScreen.storyboard */; };
		CCE1B39E20F4164B004B78B1 /* Know_The_NewsTests.swift in Sources */ = {isa = PBXBuildFile; fileRef = CCE1B39D20F4164B004B78B1 /* Know_The_NewsTests.swift */; };
		CCE1B3A920F4164B004B78B1 /* Know_The_NewsUITests.swift in Sources */ = {isa = PBXBuildFile; fileRef = CCE1B3A820F4164B004B78B1 /* Know_The_NewsUITests.swift */; };
		CCE1B3B720F416A2004B78B1 /* SwiftyJSON.swift in Sources */ = {isa = PBXBuildFile; fileRef = CCE1B3B620F416A2004B78B1 /* SwiftyJSON.swift */; };
		CCE1B3B920F4180A004B78B1 /* Source.swift in Sources */ = {isa = PBXBuildFile; fileRef = CCE1B3B820F4180A004B78B1 /* Source.swift */; };
		CCE1B3BB20F42696004B78B1 /* WordPlay.swift in Sources */ = {isa = PBXBuildFile; fileRef = CCE1B3BA20F42696004B78B1 /* WordPlay.swift */; };
/* End PBXBuildFile section */

/* Begin PBXContainerItemProxy section */
		CCE1B39A20F4164B004B78B1 /* PBXContainerItemProxy */ = {
			isa = PBXContainerItemProxy;
			containerPortal = CCE1B37D20F4164A004B78B1 /* Project object */;
			proxyType = 1;
			remoteGlobalIDString = CCE1B38420F4164A004B78B1;
			remoteInfo = "Know The News";
		};
		CCE1B3A520F4164B004B78B1 /* PBXContainerItemProxy */ = {
			isa = PBXContainerItemProxy;
			containerPortal = CCE1B37D20F4164A004B78B1 /* Project object */;
			proxyType = 1;
			remoteGlobalIDString = CCE1B38420F4164A004B78B1;
			remoteInfo = "Know The News";
		};
/* End PBXContainerItemProxy section */

/* Begin PBXFileReference section */
		CC0615952106682B004A9BFB /* Chip.swift */ = {isa = PBXFileReference; lastKnownFileType = sourcecode.swift; path = Chip.swift; sourceTree = "<group>"; };
		CC0615972106C25C004A9BFB /* ChipHolder.swift */ = {isa = PBXFileReference; lastKnownFileType = sourcecode.swift; path = ChipHolder.swift; sourceTree = "<group>"; };
		CC5DD6EC2107F5C300FEA0A4 /* Sofija.ttf */ = {isa = PBXFileReference; lastKnownFileType = file; path = Sofija.ttf; sourceTree = "<group>"; };
		CC5DD6ED2107F5C300FEA0A4 /* Sofija-Italic.ttf */ = {isa = PBXFileReference; lastKnownFileType = file; path = "Sofija-Italic.ttf"; sourceTree = "<group>"; };
		CC5DD6F421081AF200FEA0A4 /* GameTimer.swift */ = {isa = PBXFileReference; lastKnownFileType = sourcecode.swift; path = GameTimer.swift; sourceTree = "<group>"; };
		CC810F4D20F64D8800EC6F62 /* SourceTypeViewController.swift */ = {isa = PBXFileReference; lastKnownFileType = sourcecode.swift; path = SourceTypeViewController.swift; sourceTree = "<group>"; };
		CCC11A1420F9026C00D2482C /* BeginViewController.swift */ = {isa = PBXFileReference; lastKnownFileType = sourcecode.swift; path = BeginViewController.swift; sourceTree = "<group>"; };
		CCDD54D220F5153B007746C4 /* SavedViewController.swift */ = {isa = PBXFileReference; lastKnownFileType = sourcecode.swift; path = SavedViewController.swift; sourceTree = "<group>"; };
		CCE1B38520F4164A004B78B1 /* Know The News.app */ = {isa = PBXFileReference; explicitFileType = wrapper.application; includeInIndex = 0; path = "Know The News.app"; sourceTree = BUILT_PRODUCTS_DIR; };
		CCE1B38820F4164A004B78B1 /* AppDelegate.swift */ = {isa = PBXFileReference; lastKnownFileType = sourcecode.swift; path = AppDelegate.swift; sourceTree = "<group>"; };
		CCE1B38A20F4164A004B78B1 /* ViewController.swift */ = {isa = PBXFileReference; lastKnownFileType = sourcecode.swift; path = ViewController.swift; sourceTree = "<group>"; };
		CCE1B38D20F4164A004B78B1 /* Base */ = {isa = PBXFileReference; lastKnownFileType = file.storyboard; name = Base; path = Base.lproj/Main.storyboard; sourceTree = "<group>"; };
		CCE1B38F20F4164A004B78B1 /* Assets.xcassets */ = {isa = PBXFileReference; lastKnownFileType = folder.assetcatalog; path = Assets.xcassets; sourceTree = "<group>"; };
		CCE1B39220F4164A004B78B1 /* Base */ = {isa = PBXFileReference; lastKnownFileType = file.storyboard; name = Base; path = Base.lproj/LaunchScreen.storyboard; sourceTree = "<group>"; };
		CCE1B39420F4164A004B78B1 /* Info.plist */ = {isa = PBXFileReference; lastKnownFileType = text.plist.xml; path = Info.plist; sourceTree = "<group>"; };
		CCE1B39920F4164A004B78B1 /* Know The NewsTests.xctest */ = {isa = PBXFileReference; explicitFileType = wrapper.cfbundle; includeInIndex = 0; path = "Know The NewsTests.xctest"; sourceTree = BUILT_PRODUCTS_DIR; };
		CCE1B39D20F4164B004B78B1 /* Know_The_NewsTests.swift */ = {isa = PBXFileReference; lastKnownFileType = sourcecode.swift; path = Know_The_NewsTests.swift; sourceTree = "<group>"; };
		CCE1B39F20F4164B004B78B1 /* Info.plist */ = {isa = PBXFileReference; lastKnownFileType = text.plist.xml; path = Info.plist; sourceTree = "<group>"; };
		CCE1B3A420F4164B004B78B1 /* Know The NewsUITests.xctest */ = {isa = PBXFileReference; explicitFileType = wrapper.cfbundle; includeInIndex = 0; path = "Know The NewsUITests.xctest"; sourceTree = BUILT_PRODUCTS_DIR; };
		CCE1B3A820F4164B004B78B1 /* Know_The_NewsUITests.swift */ = {isa = PBXFileReference; lastKnownFileType = sourcecode.swift; path = Know_The_NewsUITests.swift; sourceTree = "<group>"; };
		CCE1B3AA20F4164B004B78B1 /* Info.plist */ = {isa = PBXFileReference; lastKnownFileType = text.plist.xml; path = Info.plist; sourceTree = "<group>"; };
		CCE1B3B620F416A2004B78B1 /* SwiftyJSON.swift */ = {isa = PBXFileReference; fileEncoding = 4; lastKnownFileType = sourcecode.swift; path = SwiftyJSON.swift; sourceTree = "<group>"; };
		CCE1B3B820F4180A004B78B1 /* Source.swift */ = {isa = PBXFileReference; lastKnownFileType = sourcecode.swift; path = Source.swift; sourceTree = "<group>"; };
		CCE1B3BA20F42696004B78B1 /* WordPlay.swift */ = {isa = PBXFileReference; lastKnownFileType = sourcecode.swift; path = WordPlay.swift; sourceTree = "<group>"; };
/* End PBXFileReference section */

/* Begin PBXFrameworksBuildPhase section */
		CCE1B38220F4164A004B78B1 /* Frameworks */ = {
			isa = PBXFrameworksBuildPhase;
			buildActionMask = 2147483647;
			files = (
			);
			runOnlyForDeploymentPostprocessing = 0;
		};
		CCE1B39620F4164A004B78B1 /* Frameworks */ = {
			isa = PBXFrameworksBuildPhase;
			buildActionMask = 2147483647;
			files = (
			);
			runOnlyForDeploymentPostprocessing = 0;
		};
		CCE1B3A120F4164B004B78B1 /* Frameworks */ = {
			isa = PBXFrameworksBuildPhase;
			buildActionMask = 2147483647;
			files = (
			);
			runOnlyForDeploymentPostprocessing = 0;
		};
/* End PBXFrameworksBuildPhase section */

/* Begin PBXGroup section */
		CC5DD6EB2107F5C300FEA0A4 /* sofija */ = {
			isa = PBXGroup;
			children = (
				CC5DD6EC2107F5C300FEA0A4 /* Sofija.ttf */,
				CC5DD6ED2107F5C300FEA0A4 /* Sofija-Italic.ttf */,
			);
			path = sofija;
			sourceTree = "<group>";
		};
		CCE1B37C20F4164A004B78B1 = {
			isa = PBXGroup;
			children = (
				CCE1B38720F4164A004B78B1 /* Know The News */,
				CCE1B39C20F4164B004B78B1 /* Know The NewsTests */,
				CCE1B3A720F4164B004B78B1 /* Know The NewsUITests */,
				CCE1B38620F4164A004B78B1 /* Products */,
			);
			sourceTree = "<group>";
		};
		CCE1B38620F4164A004B78B1 /* Products */ = {
			isa = PBXGroup;
			children = (
				CCE1B38520F4164A004B78B1 /* Know The News.app */,
				CCE1B39920F4164A004B78B1 /* Know The NewsTests.xctest */,
				CCE1B3A420F4164B004B78B1 /* Know The NewsUITests.xctest */,
			);
			name = Products;
			sourceTree = "<group>";
		};
		CCE1B38720F4164A004B78B1 /* Know The News */ = {
			isa = PBXGroup;
			children = (
				CCE1B38820F4164A004B78B1 /* AppDelegate.swift */,
				CCE1B38A20F4164A004B78B1 /* ViewController.swift */,
				CC0615952106682B004A9BFB /* Chip.swift */,
				CC0615972106C25C004A9BFB /* ChipHolder.swift */,
				CCE1B3B820F4180A004B78B1 /* Source.swift */,
				CCE1B3BA20F42696004B78B1 /* WordPlay.swift */,
				CCE1B38C20F4164A004B78B1 /* Main.storyboard */,
				CC5DD6F421081AF200FEA0A4 /* GameTimer.swift */,
				CC5DD6EB2107F5C300FEA0A4 /* sofija */,
				CCC11A1420F9026C00D2482C /* BeginViewController.swift */,
				CC810F4D20F64D8800EC6F62 /* SourceTypeViewController.swift */,
				CCDD54D220F5153B007746C4 /* SavedViewController.swift */,
				CCE1B38F20F4164A004B78B1 /* Assets.xcassets */,
				CCE1B39120F4164A004B78B1 /* LaunchScreen.storyboard */,
				CCE1B39420F4164A004B78B1 /* Info.plist */,
				CCE1B3B620F416A2004B78B1 /* SwiftyJSON.swift */,
			);
			path = "Know The News";
			sourceTree = "<group>";
		};
		CCE1B39C20F4164B004B78B1 /* Know The NewsTests */ = {
			isa = PBXGroup;
			children = (
				CCE1B39D20F4164B004B78B1 /* Know_The_NewsTests.swift */,
				CCE1B39F20F4164B004B78B1 /* Info.plist */,
			);
			path = "Know The NewsTests";
			sourceTree = "<group>";
		};
		CCE1B3A720F4164B004B78B1 /* Know The NewsUITests */ = {
			isa = PBXGroup;
			children = (
				CCE1B3A820F4164B004B78B1 /* Know_The_NewsUITests.swift */,
				CCE1B3AA20F4164B004B78B1 /* Info.plist */,
			);
			path = "Know The NewsUITests";
			sourceTree = "<group>";
		};
/* End PBXGroup section */

/* Begin PBXNativeTarget section */
		CCE1B38420F4164A004B78B1 /* Know The News */ = {
			isa = PBXNativeTarget;
			buildConfigurationList = CCE1B3AD20F4164B004B78B1 /* Build configuration list for PBXNativeTarget "Know The News" */;
			buildPhases = (
				CCE1B38120F4164A004B78B1 /* Sources */,
				CCE1B38220F4164A004B78B1 /* Frameworks */,
				CCE1B38320F4164A004B78B1 /* Resources */,
			);
			buildRules = (
			);
			dependencies = (
			);
			name = "Know The News";
			productName = "Know The News";
			productReference = CCE1B38520F4164A004B78B1 /* Know The News.app */;
			productType = "com.apple.product-type.application";
		};
		CCE1B39820F4164A004B78B1 /* Know The NewsTests */ = {
			isa = PBXNativeTarget;
			buildConfigurationList = CCE1B3B020F4164B004B78B1 /* Build configuration list for PBXNativeTarget "Know The NewsTests" */;
			buildPhases = (
				CCE1B39520F4164A004B78B1 /* Sources */,
				CCE1B39620F4164A004B78B1 /* Frameworks */,
				CCE1B39720F4164A004B78B1 /* Resources */,
			);
			buildRules = (
			);
			dependencies = (
				CCE1B39B20F4164B004B78B1 /* PBXTargetDependency */,
			);
			name = "Know The NewsTests";
			productName = "Know The NewsTests";
			productReference = CCE1B39920F4164A004B78B1 /* Know The NewsTests.xctest */;
			productType = "com.apple.product-type.bundle.unit-test";
		};
		CCE1B3A320F4164B004B78B1 /* Know The NewsUITests */ = {
			isa = PBXNativeTarget;
			buildConfigurationList = CCE1B3B320F4164B004B78B1 /* Build configuration list for PBXNativeTarget "Know The NewsUITests" */;
			buildPhases = (
				CCE1B3A020F4164B004B78B1 /* Sources */,
				CCE1B3A120F4164B004B78B1 /* Frameworks */,
				CCE1B3A220F4164B004B78B1 /* Resources */,
			);
			buildRules = (
			);
			dependencies = (
				CCE1B3A620F4164B004B78B1 /* PBXTargetDependency */,
			);
			name = "Know The NewsUITests";
			productName = "Know The NewsUITests";
			productReference = CCE1B3A420F4164B004B78B1 /* Know The NewsUITests.xctest */;
			productType = "com.apple.product-type.bundle.ui-testing";
		};
/* End PBXNativeTarget section */

/* Begin PBXProject section */
		CCE1B37D20F4164A004B78B1 /* Project object */ = {
			isa = PBXProject;
			attributes = {
				LastSwiftUpdateCheck = 0940;
				LastUpgradeCheck = 0940;
				ORGANIZATIONNAME = EcaKnowGames;
				TargetAttributes = {
					CCE1B38420F4164A004B78B1 = {
						CreatedOnToolsVersion = 9.4.1;
					};
					CCE1B39820F4164A004B78B1 = {
						CreatedOnToolsVersion = 9.4.1;
						TestTargetID = CCE1B38420F4164A004B78B1;
					};
					CCE1B3A320F4164B004B78B1 = {
						CreatedOnToolsVersion = 9.4.1;
						TestTargetID = CCE1B38420F4164A004B78B1;
					};
				};
			};
			buildConfigurationList = CCE1B38020F4164A004B78B1 /* Build configuration list for PBXProject "Know The News" */;
			compatibilityVersion = "Xcode 9.3";
			developmentRegion = en;
			hasScannedForEncodings = 0;
			knownRegions = (
				en,
				Base,
			);
			mainGroup = CCE1B37C20F4164A004B78B1;
			productRefGroup = CCE1B38620F4164A004B78B1 /* Products */;
			projectDirPath = "";
			projectRoot = "";
			targets = (
				CCE1B38420F4164A004B78B1 /* Know The News */,
				CCE1B39820F4164A004B78B1 /* Know The NewsTests */,
				CCE1B3A320F4164B004B78B1 /* Know The NewsUITests */,
			);
		};
/* End PBXProject section */

/* Begin PBXResourcesBuildPhase section */
		CCE1B38320F4164A004B78B1 /* Resources */ = {
			isa = PBXResourcesBuildPhase;
			buildActionMask = 2147483647;
			files = (
				CC5DD6F12107F5C500FEA0A4 /* Sofija-Italic.ttf in Resources */,
				CCE1B39320F4164A004B78B1 /* LaunchScreen.storyboard in Resources */,
				CCE1B39020F4164A004B78B1 /* Assets.xcassets in Resources */,
				CC5DD6EE2107F5C500FEA0A4 /* Sofija.ttf in Resources */,
				CCE1B38E20F4164A004B78B1 /* Main.storyboard in Resources */,
			);
			runOnlyForDeploymentPostprocessing = 0;
		};
		CCE1B39720F4164A004B78B1 /* Resources */ = {
			isa = PBXResourcesBuildPhase;
			buildActionMask = 2147483647;
			files = (
				CC5DD6F22107F5C500FEA0A4 /* Sofija-Italic.ttf in Resources */,
				CC5DD6EF2107F5C500FEA0A4 /* Sofija.ttf in Resources */,
			);
			runOnlyForDeploymentPostprocessing = 0;
		};
		CCE1B3A220F4164B004B78B1 /* Resources */ = {
			isa = PBXResourcesBuildPhase;
			buildActionMask = 2147483647;
			files = (
				CC5DD6F32107F5C500FEA0A4 /* Sofija-Italic.ttf in Resources */,
				CC5DD6F02107F5C500FEA0A4 /* Sofija.ttf in Resources */,
			);
			runOnlyForDeploymentPostprocessing = 0;
		};
/* End PBXResourcesBuildPhase section */

/* Begin PBXSourcesBuildPhase section */
		CCE1B38120F4164A004B78B1 /* Sources */ = {
			isa = PBXSourcesBuildPhase;
			buildActionMask = 2147483647;
			files = (
				CCC11A1520F9026C00D2482C /* BeginViewController.swift in Sources */,
				CCDD54D320F5153B007746C4 /* SavedViewController.swift in Sources */,
				CCE1B3B920F4180A004B78B1 /* Source.swift in Sources */,
				CC5DD6F521081AF200FEA0A4 /* GameTimer.swift in Sources */,
				CCE1B3B720F416A2004B78B1 /* SwiftyJSON.swift in Sources */,
				CC0615962106682B004A9BFB /* Chip.swift in Sources */,
				CC0615982106C25C004A9BFB /* ChipHolder.swift in Sources */,
				CCE1B3BB20F42696004B78B1 /* WordPlay.swift in Sources */,
				CCE1B38B20F4164A004B78B1 /* ViewController.swift in Sources */,
				CC810F4E20F64D8800EC6F62 /* SourceTypeViewController.swift in Sources */,
				CCE1B38920F4164A004B78B1 /* AppDelegate.swift in Sources */,
			);
			runOnlyForDeploymentPostprocessing = 0;
		};
		CCE1B39520F4164A004B78B1 /* Sources */ = {
			isa = PBXSourcesBuildPhase;
			buildActionMask = 2147483647;
			files = (
				CCE1B39E20F4164B004B78B1 /* Know_The_NewsTests.swift in Sources */,
				CC5DD6F621081AF200FEA0A4 /* GameTimer.swift in Sources */,
			);
			runOnlyForDeploymentPostprocessing = 0;
		};
		CCE1B3A020F4164B004B78B1 /* Sources */ = {
			isa = PBXSourcesBuildPhase;
			buildActionMask = 2147483647;
			files = (
				CCE1B3A920F4164B004B78B1 /* Know_The_NewsUITests.swift in Sources */,
				CC5DD6F721081AF200FEA0A4 /* GameTimer.swift in Sources */,
			);
			runOnlyForDeploymentPostprocessing = 0;
		};
/* End PBXSourcesBuildPhase section */

/* Begin PBXTargetDependency section */
		CCE1B39B20F4164B004B78B1 /* PBXTargetDependency */ = {
			isa = PBXTargetDependency;
			target = CCE1B38420F4164A004B78B1 /* Know The News */;
			targetProxy = CCE1B39A20F4164B004B78B1 /* PBXContainerItemProxy */;
		};
		CCE1B3A620F4164B004B78B1 /* PBXTargetDependency */ = {
			isa = PBXTargetDependency;
			target = CCE1B38420F4164A004B78B1 /* Know The News */;
			targetProxy = CCE1B3A520F4164B004B78B1 /* PBXContainerItemProxy */;
		};
/* End PBXTargetDependency section */

/* Begin PBXVariantGroup section */
		CCE1B38C20F4164A004B78B1 /* Main.storyboard */ = {
			isa = PBXVariantGroup;
			children = (
				CCE1B38D20F4164A004B78B1 /* Base */,
			);
			name = Main.storyboard;
			sourceTree = "<group>";
		};
		CCE1B39120F4164A004B78B1 /* LaunchScreen.storyboard */ = {
			isa = PBXVariantGroup;
			children = (
				CCE1B39220F4164A004B78B1 /* Base */,
			);
			name = LaunchScreen.storyboard;
			sourceTree = "<group>";
		};
/* End PBXVariantGroup section */

/* Begin XCBuildConfiguration section */
		CCE1B3AB20F4164B004B78B1 /* Debug */ = {
			isa = XCBuildConfiguration;
			buildSettings = {
				ALWAYS_SEARCH_USER_PATHS = NO;
				CLANG_ANALYZER_NONNULL = YES;
				CLANG_ANALYZER_NUMBER_OBJECT_CONVERSION = YES_AGGRESSIVE;
				CLANG_CXX_LANGUAGE_STANDARD = "gnu++14";
				CLANG_CXX_LIBRARY = "libc++";
				CLANG_ENABLE_MODULES = YES;
				CLANG_ENABLE_OBJC_ARC = YES;
				CLANG_ENABLE_OBJC_WEAK = YES;
				CLANG_WARN_BLOCK_CAPTURE_AUTORELEASING = YES;
				CLANG_WARN_BOOL_CONVERSION = YES;
				CLANG_WARN_COMMA = YES;
				CLANG_WARN_CONSTANT_CONVERSION = YES;
				CLANG_WARN_DEPRECATED_OBJC_IMPLEMENTATIONS = YES;
				CLANG_WARN_DIRECT_OBJC_ISA_USAGE = YES_ERROR;
				CLANG_WARN_DOCUMENTATION_COMMENTS = YES;
				CLANG_WARN_EMPTY_BODY = YES;
				CLANG_WARN_ENUM_CONVERSION = YES;
				CLANG_WARN_INFINITE_RECURSION = YES;
				CLANG_WARN_INT_CONVERSION = YES;
				CLANG_WARN_NON_LITERAL_NULL_CONVERSION = YES;
				CLANG_WARN_OBJC_IMPLICIT_RETAIN_SELF = YES;
				CLANG_WARN_OBJC_LITERAL_CONVERSION = YES;
				CLANG_WARN_OBJC_ROOT_CLASS = YES_ERROR;
				CLANG_WARN_RANGE_LOOP_ANALYSIS = YES;
				CLANG_WARN_STRICT_PROTOTYPES = YES;
				CLANG_WARN_SUSPICIOUS_MOVE = YES;
				CLANG_WARN_UNGUARDED_AVAILABILITY = YES_AGGRESSIVE;
				CLANG_WARN_UNREACHABLE_CODE = YES;
				CLANG_WARN__DUPLICATE_METHOD_MATCH = YES;
				CODE_SIGN_IDENTITY = "iPhone Developer";
				COPY_PHASE_STRIP = NO;
				DEBUG_INFORMATION_FORMAT = dwarf;
				ENABLE_STRICT_OBJC_MSGSEND = YES;
				ENABLE_TESTABILITY = YES;
				GCC_C_LANGUAGE_STANDARD = gnu11;
				GCC_DYNAMIC_NO_PIC = NO;
				GCC_NO_COMMON_BLOCKS = YES;
				GCC_OPTIMIZATION_LEVEL = 0;
				GCC_PREPROCESSOR_DEFINITIONS = (
					"DEBUG=1",
					"$(inherited)",
				);
				GCC_WARN_64_TO_32_BIT_CONVERSION = YES;
				GCC_WARN_ABOUT_RETURN_TYPE = YES_ERROR;
				GCC_WARN_UNDECLARED_SELECTOR = YES;
				GCC_WARN_UNINITIALIZED_AUTOS = YES_AGGRESSIVE;
				GCC_WARN_UNUSED_FUNCTION = YES;
				GCC_WARN_UNUSED_VARIABLE = YES;
				IPHONEOS_DEPLOYMENT_TARGET = 11.4;
				MTL_ENABLE_DEBUG_INFO = YES;
				ONLY_ACTIVE_ARCH = YES;
				SDKROOT = iphoneos;
				SWIFT_ACTIVE_COMPILATION_CONDITIONS = DEBUG;
				SWIFT_OPTIMIZATION_LEVEL = "-Onone";
			};
			name = Debug;
		};
		CCE1B3AC20F4164B004B78B1 /* Release */ = {
			isa = XCBuildConfiguration;
			buildSettings = {
				ALWAYS_SEARCH_USER_PATHS = NO;
				CLANG_ANALYZER_NONNULL = YES;
				CLANG_ANALYZER_NUMBER_OBJECT_CONVERSION = YES_AGGRESSIVE;
				CLANG_CXX_LANGUAGE_STANDARD = "gnu++14";
				CLANG_CXX_LIBRARY = "libc++";
				CLANG_ENABLE_MODULES = YES;
				CLANG_ENABLE_OBJC_ARC = YES;
				CLANG_ENABLE_OBJC_WEAK = YES;
				CLANG_WARN_BLOCK_CAPTURE_AUTORELEASING = YES;
				CLANG_WARN_BOOL_CONVERSION = YES;
				CLANG_WARN_COMMA = YES;
				CLANG_WARN_CONSTANT_CONVERSION = YES;
				CLANG_WARN_DEPRECATED_OBJC_IMPLEMENTATIONS = YES;
				CLANG_WARN_DIRECT_OBJC_ISA_USAGE = YES_ERROR;
				CLANG_WARN_DOCUMENTATION_COMMENTS = YES;
				CLANG_WARN_EMPTY_BODY = YES;
				CLANG_WARN_ENUM_CONVERSION = YES;
				CLANG_WARN_INFINITE_RECURSION = YES;
				CLANG_WARN_INT_CONVERSION = YES;
				CLANG_WARN_NON_LITERAL_NULL_CONVERSION = YES;
				CLANG_WARN_OBJC_IMPLICIT_RETAIN_SELF = YES;
				CLANG_WARN_OBJC_LITERAL_CONVERSION = YES;
				CLANG_WARN_OBJC_ROOT_CLASS = YES_ERROR;
				CLANG_WARN_RANGE_LOOP_ANALYSIS = YES;
				CLANG_WARN_STRICT_PROTOTYPES = YES;
				CLANG_WARN_SUSPICIOUS_MOVE = YES;
				CLANG_WARN_UNGUARDED_AVAILABILITY = YES_AGGRESSIVE;
				CLANG_WARN_UNREACHABLE_CODE = YES;
				CLANG_WARN__DUPLICATE_METHOD_MATCH = YES;
				CODE_SIGN_IDENTITY = "iPhone Developer";
				COPY_PHASE_STRIP = NO;
				DEBUG_INFORMATION_FORMAT = "dwarf-with-dsym";
				ENABLE_NS_ASSERTIONS = NO;
				ENABLE_STRICT_OBJC_MSGSEND = YES;
				GCC_C_LANGUAGE_STANDARD = gnu11;
				GCC_NO_COMMON_BLOCKS = YES;
				GCC_WARN_64_TO_32_BIT_CONVERSION = YES;
				GCC_WARN_ABOUT_RETURN_TYPE = YES_ERROR;
				GCC_WARN_UNDECLARED_SELECTOR = YES;
				GCC_WARN_UNINITIALIZED_AUTOS = YES_AGGRESSIVE;
				GCC_WARN_UNUSED_FUNCTION = YES;
				GCC_WARN_UNUSED_VARIABLE = YES;
				IPHONEOS_DEPLOYMENT_TARGET = 11.4;
				MTL_ENABLE_DEBUG_INFO = NO;
				SDKROOT = iphoneos;
				SWIFT_COMPILATION_MODE = wholemodule;
				SWIFT_OPTIMIZATION_LEVEL = "-O";
				VALIDATE_PRODUCT = YES;
			};
			name = Release;
		};
		CCE1B3AE20F4164B004B78B1 /* Debug */ = {
			isa = XCBuildConfiguration;
			buildSettings = {
				ASSETCATALOG_COMPILER_APPICON_NAME = AppIcon;
				CODE_SIGN_STYLE = Automatic;
				DEVELOPMENT_TEAM = K4Z76LM5AD;
				INFOPLIST_FILE = "Know The News/Info.plist";
				LD_RUNPATH_SEARCH_PATHS = (
					"$(inherited)",
					"@executable_path/Frameworks",
				);
				PRODUCT_BUNDLE_IDENTIFIER = "com.EcaKnowGames.Know-The-News";
				PRODUCT_NAME = "$(TARGET_NAME)";
				SWIFT_VERSION = 4.0;
				TARGETED_DEVICE_FAMILY = "1,2";
			};
			name = Debug;
		};
		CCE1B3AF20F4164B004B78B1 /* Release */ = {
			isa = XCBuildConfiguration;
			buildSettings = {
				ASSETCATALOG_COMPILER_APPICON_NAME = AppIcon;
				CODE_SIGN_STYLE = Automatic;
				DEVELOPMENT_TEAM = K4Z76LM5AD;
				INFOPLIST_FILE = "Know The News/Info.plist";
				LD_RUNPATH_SEARCH_PATHS = (
					"$(inherited)",
					"@executable_path/Frameworks",
				);
				PRODUCT_BUNDLE_IDENTIFIER = "com.EcaKnowGames.Know-The-News";
				PRODUCT_NAME = "$(TARGET_NAME)";
				SWIFT_VERSION = 4.0;
				TARGETED_DEVICE_FAMILY = "1,2";
			};
			name = Release;
		};
		CCE1B3B120F4164B004B78B1 /* Debug */ = {
			isa = XCBuildConfiguration;
			buildSettings = {
				ALWAYS_EMBED_SWIFT_STANDARD_LIBRARIES = YES;
				BUNDLE_LOADER = "$(TEST_HOST)";
				CODE_SIGN_STYLE = Automatic;
				DEVELOPMENT_TEAM = K4Z76LM5AD;
				INFOPLIST_FILE = "Know The NewsTests/Info.plist";
				LD_RUNPATH_SEARCH_PATHS = (
					"$(inherited)",
					"@executable_path/Frameworks",
					"@loader_path/Frameworks",
				);
				PRODUCT_BUNDLE_IDENTIFIER = "com.EcaKnowGames.Know-The-NewsTests";
				PRODUCT_NAME = "$(TARGET_NAME)";
				SWIFT_VERSION = 4.0;
				TARGETED_DEVICE_FAMILY = "1,2";
				TEST_HOST = "$(BUILT_PRODUCTS_DIR)/Know The News.app/Know The News";
			};
			name = Debug;
		};
		CCE1B3B220F4164B004B78B1 /* Release */ = {
			isa = XCBuildConfiguration;
			buildSettings = {
				ALWAYS_EMBED_SWIFT_STANDARD_LIBRARIES = YES;
				BUNDLE_LOADER = "$(TEST_HOST)";
				CODE_SIGN_STYLE = Automatic;
				DEVELOPMENT_TEAM = K4Z76LM5AD;
				INFOPLIST_FILE = "Know The NewsTests/Info.plist";
				LD_RUNPATH_SEARCH_PATHS = (
					"$(inherited)",
					"@executable_path/Frameworks",
					"@loader_path/Frameworks",
				);
				PRODUCT_BUNDLE_IDENTIFIER = "com.EcaKnowGames.Know-The-NewsTests";
				PRODUCT_NAME = "$(TARGET_NAME)";
				SWIFT_VERSION = 4.0;
				TARGETED_DEVICE_FAMILY = "1,2";
				TEST_HOST = "$(BUILT_PRODUCTS_DIR)/Know The News.app/Know The News";
			};
			name = Release;
		};
		CCE1B3B420F4164B004B78B1 /* Debug */ = {
			isa = XCBuildConfiguration;
			buildSettings = {
				ALWAYS_EMBED_SWIFT_STANDARD_LIBRARIES = YES;
				CODE_SIGN_STYLE = Automatic;
				DEVELOPMENT_TEAM = K4Z76LM5AD;
				INFOPLIST_FILE = "Know The NewsUITests/Info.plist";
				LD_RUNPATH_SEARCH_PATHS = (
					"$(inherited)",
					"@executable_path/Frameworks",
					"@loader_path/Frameworks",
				);
				PRODUCT_BUNDLE_IDENTIFIER = "com.EcaKnowGames.Know-The-NewsUITests";
				PRODUCT_NAME = "$(TARGET_NAME)";
				SWIFT_VERSION = 4.0;
				TARGETED_DEVICE_FAMILY = "1,2";
				TEST_TARGET_NAME = "Know The News";
			};
			name = Debug;
		};
		CCE1B3B520F4164B004B78B1 /* Release */ = {
			isa = XCBuildConfiguration;
			buildSettings = {
				ALWAYS_EMBED_SWIFT_STANDARD_LIBRARIES = YES;
				CODE_SIGN_STYLE = Automatic;
				DEVELOPMENT_TEAM = K4Z76LM5AD;
				INFOPLIST_FILE = "Know The NewsUITests/Info.plist";
				LD_RUNPATH_SEARCH_PATHS = (
					"$(inherited)",
					"@executable_path/Frameworks",
					"@loader_path/Frameworks",
				);
				PRODUCT_BUNDLE_IDENTIFIER = "com.EcaKnowGames.Know-The-NewsUITests";
				PRODUCT_NAME = "$(TARGET_NAME)";
				SWIFT_VERSION = 4.0;
				TARGETED_DEVICE_FAMILY = "1,2";
				TEST_TARGET_NAME = "Know The News";
			};
			name = Release;
		};
/* End XCBuildConfiguration section */

/* Begin XCConfigurationList section */
		CCE1B38020F4164A004B78B1 /* Build configuration list for PBXProject "Know The News" */ = {
			isa = XCConfigurationList;
			buildConfigurations = (
				CCE1B3AB20F4164B004B78B1 /* Debug */,
				CCE1B3AC20F4164B004B78B1 /* Release */,
			);
			defaultConfigurationIsVisible = 0;
			defaultConfigurationName = Release;
		};
		CCE1B3AD20F4164B004B78B1 /* Build configuration list for PBXNativeTarget "Know The News" */ = {
			isa = XCConfigurationList;
			buildConfigurations = (
				CCE1B3AE20F4164B004B78B1 /* Debug */,
				CCE1B3AF20F4164B004B78B1 /* Release */,
			);
			defaultConfigurationIsVisible = 0;
			defaultConfigurationName = Release;
		};
		CCE1B3B020F4164B004B78B1 /* Build configuration list for PBXNativeTarget "Know The NewsTests" */ = {
			isa = XCConfigurationList;
			buildConfigurations = (
				CCE1B3B120F4164B004B78B1 /* Debug */,
				CCE1B3B220F4164B004B78B1 /* Release */,
			);
			defaultConfigurationIsVisible = 0;
			defaultConfigurationName = Release;
		};
		CCE1B3B320F4164B004B78B1 /* Build configuration list for PBXNativeTarget "Know The NewsUITests" */ = {
			isa = XCConfigurationList;
			buildConfigurations = (
				CCE1B3B420F4164B004B78B1 /* Debug */,
				CCE1B3B520F4164B004B78B1 /* Release */,
			);
			defaultConfigurationIsVisible = 0;
			defaultConfigurationName = Release;
		};
/* End XCConfigurationList section */
	};
	rootObject = CCE1B37D20F4164A004B78B1 /* Project object */;
}
